
Microsoft Visual Studio Solution File, Format Version 12.00
# Visual Studio 15
VisualStudioVersion = 15.0.27130.2036
MinimumVisualStudioVersion = 10.0.40219.1
Project("{9A19103F-16F7-4668-BE54-9A1E7A4F7556}") = "2.RectangleArea", "2.RectangleArea.csproj", "{7735A850-F81A-45D0-A156-3EAD9BA4FF0E}"
EndProject
Global
	GlobalSection(SolutionConfigurationPlatforms) = preSolution
		Debug|Any CPU = Debug|Any CPU
		Release|Any CPU = Release|Any CPU
	EndGlobalSection
	GlobalSection(ProjectConfigurationPlatforms) = postSolution
		{7735A850-F81A-45D0-A156-3EAD9BA4FF0E}.Debug|Any CPU.ActiveCfg = Debug|Any CPU
		{7735A850-F81A-45D0-A156-3EAD9BA4FF0E}.Debug|Any CPU.Build.0 = Debug|Any CPU
		{7735A850-F81A-45D0-A156-3EAD9BA4FF0E}.Release|Any CPU.ActiveCfg = Release|Any CPU
		{7735A850-F81A-45D0-A156-3EAD9BA4FF0E}.Release|Any CPU.Build.0 = Release|Any CPU
	EndGlobalSection
	GlobalSection(SolutionProperties) = preSolution
		HideSolutionNode = FALSE
	EndGlobalSection
	GlobalSection(ExtensibilityGlobals) = postSolution
		SolutionGuid = {BDF3F3CC-651C-4526-A748-E39840412F95}
	EndGlobalSection
EndGlobal
